// !$*UTF8*$!
{
	archiveVersion = 1;
	classes = {
	};
	objectVersion = 48;
	objects = {

/* Begin PBXBuildFile section */
		FF0E449C21F0289400374DB6 /* AppDelegate.swift in Sources */ = {isa = PBXBuildFile; fileRef = FF0E449B21F0289400374DB6 /* AppDelegate.swift */; };
		FF0E449E21F0289400374DB6 /* ViewController.swift in Sources */ = {isa = PBXBuildFile; fileRef = FF0E449D21F0289400374DB6 /* ViewController.swift */; };
		FF0E44A121F0289400374DB6 /* Main.storyboard in Resources */ = {isa = PBXBuildFile; fileRef = FF0E449F21F0289400374DB6 /* Main.storyboard */; };
		FF0E44A321F0289400374DB6 /* Assets.xcassets in Resources */ = {isa = PBXBuildFile; fileRef = FF0E44A221F0289400374DB6 /* Assets.xcassets */; };
		FF0E44A621F0289400374DB6 /* LaunchScreen.storyboard in Resources */ = {isa = PBXBuildFile; fileRef = FF0E44A421F0289400374DB6 /* LaunchScreen.storyboard */; };
		FF0E44B121F0289400374DB6 /* firstiOSAppTests.swift in Sources */ = {isa = PBXBuildFile; fileRef = FF0E44B021F0289400374DB6 /* firstiOSAppTests.swift */; };
		FF0E44BC21F0289400374DB6 /* firstiOSAppUITests.swift in Sources */ = {isa = PBXBuildFile; fileRef = FF0E44BB21F0289400374DB6 /* firstiOSAppUITests.swift */; };
/* End PBXBuildFile section */

/* Begin PBXContainerItemProxy section */
		FF0E44AD21F0289400374DB6 /* PBXContainerItemProxy */ = {
			isa = PBXContainerItemProxy;
			containerPortal = FF0E449021F0289400374DB6 /* Project object */;
			proxyType = 1;
			remoteGlobalIDString = FF0E449721F0289400374DB6;
			remoteInfo = firstiOSApp;
		};
		FF0E44B821F0289400374DB6 /* PBXContainerItemProxy */ = {
			isa = PBXContainerItemProxy;
			containerPortal = FF0E449021F0289400374DB6 /* Project object */;
			proxyType = 1;
			remoteGlobalIDString = FF0E449721F0289400374DB6;
			remoteInfo = firstiOSApp;
		};
/* End PBXContainerItemProxy section */

/* Begin PBXFileReference section */
		FF0E449821F0289400374DB6 /* firstiOSApp.app */ = {isa = PBXFileReference; explicitFileType = wrapper.application; includeInIndex = 0; path = firstiOSApp.app; sourceTree = BUILT_PRODUCTS_DIR; };
		FF0E449B21F0289400374DB6 /* AppDelegate.swift */ = {isa = PBXFileReference; lastKnownFileType = sourcecode.swift; path = AppDelegate.swift; sourceTree = "<group>"; };
		FF0E449D21F0289400374DB6 /* ViewController.swift */ = {isa = PBXFileReference; lastKnownFileType = sourcecode.swift; path = ViewController.swift; sourceTree = "<group>"; };
		FF0E44A021F0289400374DB6 /* Base */ = {isa = PBXFileReference; lastKnownFileType = file.storyboard; name = Base; path = Base.lproj/Main.storyboard; sourceTree = "<group>"; };
		FF0E44A221F0289400374DB6 /* Assets.xcassets */ = {isa = PBXFileReference; lastKnownFileType = folder.assetcatalog; path = Assets.xcassets; sourceTree = "<group>"; };
		FF0E44A521F0289400374DB6 /* Base */ = {isa = PBXFileReference; lastKnownFileType = file.storyboard; name = Base; path = Base.lproj/LaunchScreen.storyboard; sourceTree = "<group>"; };
		FF0E44A721F0289400374DB6 /* Info.plist */ = {isa = PBXFileReference; lastKnownFileType = text.plist.xml; path = Info.plist; sourceTree = "<group>"; };
		FF0E44AC21F0289400374DB6 /* firstiOSAppTests.xctest */ = {isa = PBXFileReference; explicitFileType = wrapper.cfbundle; includeInIndex = 0; path = firstiOSAppTests.xctest; sourceTree = BUILT_PRODUCTS_DIR; };
		FF0E44B021F0289400374DB6 /* firstiOSAppTests.swift */ = {isa = PBXFileReference; lastKnownFileType = sourcecode.swift; path = firstiOSAppTests.swift; sourceTree = "<group>"; };
		FF0E44B221F0289400374DB6 /* Info.plist */ = {isa = PBXFileReference; lastKnownFileType = text.plist.xml; path = Info.plist; sourceTree = "<group>"; };
		FF0E44B721F0289400374DB6 /* firstiOSAppUITests.xctest */ = {isa = PBXFileReference; explicitFileType = wrapper.cfbundle; includeInIndex = 0; path = firstiOSAppUITests.xctest; sourceTree = BUILT_PRODUCTS_DIR; };
		FF0E44BB21F0289400374DB6 /* firstiOSAppUITests.swift */ = {isa = PBXFileReference; lastKnownFileType = sourcecode.swift; path = firstiOSAppUITests.swift; sourceTree = "<group>"; };
		FF0E44BD21F0289400374DB6 /* Info.plist */ = {isa = PBXFileReference; lastKnownFileType = text.plist.xml; path = Info.plist; sourceTree = "<group>"; };
/* End PBXFileReference section */

/* Begin PBXFrameworksBuildPhase section */
		FF0E449521F0289400374DB6 /* Frameworks */ = {
			isa = PBXFrameworksBuildPhase;
			buildActionMask = 2147483647;
			files = (
			);
			runOnlyForDeploymentPostprocessing = 0;
		};
		FF0E44A921F0289400374DB6 /* Frameworks */ = {
			isa = PBXFrameworksBuildPhase;
			buildActionMask = 2147483647;
			files = (
			);
			runOnlyForDeploymentPostprocessing = 0;
		};
		FF0E44B421F0289400374DB6 /* Frameworks */ = {
			isa = PBXFrameworksBuildPhase;
			buildActionMask = 2147483647;
			files = (
			);
			runOnlyForDeploymentPostprocessing = 0;
		};
/* End PBXFrameworksBuildPhase section */

/* Begin PBXGroup section */
		FF0E448F21F0289400374DB6 = {
			isa = PBXGroup;
			children = (
				FF0E449A21F0289400374DB6 /* firstiOSApp */,
				FF0E44AF21F0289400374DB6 /* firstiOSAppTests */,
				FF0E44BA21F0289400374DB6 /* firstiOSAppUITests */,
				FF0E449921F0289400374DB6 /* Products */,
			);
			sourceTree = "<group>";
		};
		FF0E449921F0289400374DB6 /* Products */ = {
			isa = PBXGroup;
			children = (
				FF0E449821F0289400374DB6 /* firstiOSApp.app */,
				FF0E44AC21F0289400374DB6 /* firstiOSAppTests.xctest */,
				FF0E44B721F0289400374DB6 /* firstiOSAppUITests.xctest */,
			);
			name = Products;
			sourceTree = "<group>";
		};
		FF0E449A21F0289400374DB6 /* firstiOSApp */ = {
			isa = PBXGroup;
			children = (
				FF0E449B21F0289400374DB6 /* AppDelegate.swift */,
				FF0E449D21F0289400374DB6 /* ViewController.swift */,
				FF0E449F21F0289400374DB6 /* Main.storyboard */,
				FF0E44A221F0289400374DB6 /* Assets.xcassets */,
				FF0E44A421F0289400374DB6 /* LaunchScreen.storyboard */,
				FF0E44A721F0289400374DB6 /* Info.plist */,
			);
			path = firstiOSApp;
			sourceTree = "<group>";
		};
		FF0E44AF21F0289400374DB6 /* firstiOSAppTests */ = {
			isa = PBXGroup;
			children = (
				FF0E44B021F0289400374DB6 /* firstiOSAppTests.swift */,
				FF0E44B221F0289400374DB6 /* Info.plist */,
			);
			path = firstiOSAppTests;
			sourceTree = "<group>";
		};
		FF0E44BA21F0289400374DB6 /* firstiOSAppUITests */ = {
			isa = PBXGroup;
			children = (
				FF0E44BB21F0289400374DB6 /* firstiOSAppUITests.swift */,
				FF0E44BD21F0289400374DB6 /* Info.plist */,
			);
			path = firstiOSAppUITests;
			sourceTree = "<group>";
		};
/* End PBXGroup section */

/* Begin PBXNativeTarget section */
		FF0E449721F0289400374DB6 /* firstiOSApp */ = {
			isa = PBXNativeTarget;
			buildConfigurationList = FF0E44C021F0289400374DB6 /* Build configuration list for PBXNativeTarget "firstiOSApp" */;
			buildPhases = (
				FF0E449421F0289400374DB6 /* Sources */,
				FF0E449521F0289400374DB6 /* Frameworks */,
				FF0E449621F0289400374DB6 /* Resources */,
			);
			buildRules = (
			);
			dependencies = (
			);
			name = firstiOSApp;
			productName = firstiOSApp;
			productReference = FF0E449821F0289400374DB6 /* firstiOSApp.app */;
			productType = "com.apple.product-type.application";
		};
		FF0E44AB21F0289400374DB6 /* firstiOSAppTests */ = {
			isa = PBXNativeTarget;
			buildConfigurationList = FF0E44C321F0289400374DB6 /* Build configuration list for PBXNativeTarget "firstiOSAppTests" */;
			buildPhases = (
				FF0E44A821F0289400374DB6 /* Sources */,
				FF0E44A921F0289400374DB6 /* Frameworks */,
				FF0E44AA21F0289400374DB6 /* Resources */,
			);
			buildRules = (
			);
			dependencies = (
				FF0E44AE21F0289400374DB6 /* PBXTargetDependency */,
			);
			name = firstiOSAppTests;
			productName = firstiOSAppTests;
			productReference = FF0E44AC21F0289400374DB6 /* firstiOSAppTests.xctest */;
			productType = "com.apple.product-type.bundle.unit-test";
		};
		FF0E44B621F0289400374DB6 /* firstiOSAppUITests */ = {
			isa = PBXNativeTarget;
			buildConfigurationList = FF0E44C621F0289400374DB6 /* Build configuration list for PBXNativeTarget "firstiOSAppUITests" */;
			buildPhases = (
				FF0E44B321F0289400374DB6 /* Sources */,
				FF0E44B421F0289400374DB6 /* Frameworks */,
				FF0E44B521F0289400374DB6 /* Resources */,
			);
			buildRules = (
			);
			dependencies = (
				FF0E44B921F0289400374DB6 /* PBXTargetDependency */,
			);
			name = firstiOSAppUITests;
			productName = firstiOSAppUITests;
			productReference = FF0E44B721F0289400374DB6 /* firstiOSAppUITests.xctest */;
			productType = "com.apple.product-type.bundle.ui-testing";
		};
/* End PBXNativeTarget section */

/* Begin PBXProject section */
		FF0E449021F0289400374DB6 /* Project object */ = {
			isa = PBXProject;
			attributes = {
				LastSwiftUpdateCheck = 0920;
				LastUpgradeCheck = 0920;
				ORGANIZATIONNAME = "CLICC User";
				TargetAttributes = {
					FF0E449721F0289400374DB6 = {
						CreatedOnToolsVersion = 9.2;
						ProvisioningStyle = Automatic;
					};
					FF0E44AB21F0289400374DB6 = {
						CreatedOnToolsVersion = 9.2;
						ProvisioningStyle = Automatic;
						TestTargetID = FF0E449721F0289400374DB6;
					};
					FF0E44B621F0289400374DB6 = {
						CreatedOnToolsVersion = 9.2;
						ProvisioningStyle = Automatic;
						TestTargetID = FF0E449721F0289400374DB6;
					};
				};
			};
			buildConfigurationList = FF0E449321F0289400374DB6 /* Build configuration list for PBXProject "firstiOSApp" */;
			compatibilityVersion = "Xcode 8.0";
			developmentRegion = en;
			hasScannedForEncodings = 0;
			knownRegions = (
				en,
				Base,
			);
			mainGroup = FF0E448F21F0289400374DB6;
			productRefGroup = FF0E449921F0289400374DB6 /* Products */;
			projectDirPath = "";
			projectRoot = "";
			targets = (
				FF0E449721F0289400374DB6 /* firstiOSApp */,
				FF0E44AB21F0289400374DB6 /* firstiOSAppTests */,
				FF0E44B621F0289400374DB6 /* firstiOSAppUITests */,
			);
		};
/* End PBXProject section */

/* Begin PBXResourcesBuildPhase section */
		FF0E449621F0289400374DB6 /* Resources */ = {
			isa = PBXResourcesBuildPhase;
			buildActionMask = 2147483647;
			files = (
				FF0E44A621F0289400374DB6 /* LaunchScreen.storyboard in Resources */,
				FF0E44A321F0289400374DB6 /* Assets.xcassets in Resources */,
				FF0E44A121F0289400374DB6 /* Main.storyboard in Resources */,
			);
			runOnlyForDeploymentPostprocessing = 0;
		};
		FF0E44AA21F0289400374DB6 /* Resources */ = {
			isa = PBXResourcesBuildPhase;
			buildActionMask = 2147483647;
			files = (
			);
			runOnlyForDeploymentPostprocessing = 0;
		};
		FF0E44B521F0289400374DB6 /* Resources */ = {
			isa = PBXResourcesBuildPhase;
			buildActionMask = 2147483647;
			files = (
			);
			runOnlyForDeploymentPostprocessing = 0;
		};
/* End PBXResourcesBuildPhase section */

/* Begin PBXSourcesBuildPhase section */
		FF0E449421F0289400374DB6 /* Sources */ = {
			isa = PBXSourcesBuildPhase;
			buildActionMask = 2147483647;
			files = (
				FF0E449E21F0289400374DB6 /* ViewController.swift in Sources */,
				FF0E449C21F0289400374DB6 /* AppDelegate.swift in Sources */,
			);
			runOnlyForDeploymentPostprocessing = 0;
		};
		FF0E44A821F0289400374DB6 /* Sources */ = {
			isa = PBXSourcesBuildPhase;
			buildActionMask = 2147483647;
			files = (
				FF0E44B121F0289400374DB6 /* firstiOSAppTests.swift in Sources */,
			);
			runOnlyForDeploymentPostprocessing = 0;
		};
		FF0E44B321F0289400374DB6 /* Sources */ = {
			isa = PBXSourcesBuildPhase;
			buildActionMask = 2147483647;
			files = (
				FF0E44BC21F0289400374DB6 /* firstiOSAppUITests.swift in Sources */,
			);
			runOnlyForDeploymentPostprocessing = 0;
		};
/* End PBXSourcesBuildPhase section */

/* Begin PBXTargetDependency section */
		FF0E44AE21F0289400374DB6 /* PBXTargetDependency */ = {
			isa = PBXTargetDependency;
			target = FF0E449721F0289400374DB6 /* firstiOSApp */;
			targetProxy = FF0E44AD21F0289400374DB6 /* PBXContainerItemProxy */;
		};
		FF0E44B921F0289400374DB6 /* PBXTargetDependency */ = {
			isa = PBXTargetDependency;
			target = FF0E449721F0289400374DB6 /* firstiOSApp */;
			targetProxy = FF0E44B821F0289400374DB6 /* PBXContainerItemProxy */;
		};
/* End PBXTargetDependency section */

/* Begin PBXVariantGroup section */
		FF0E449F21F0289400374DB6 /* Main.storyboard */ = {
			isa = PBXVariantGroup;
			children = (
				FF0E44A021F0289400374DB6 /* Base */,
			);
			name = Main.storyboard;
			sourceTree = "<group>";
		};
		FF0E44A421F0289400374DB6 /* LaunchScreen.storyboard */ = {
			isa = PBXVariantGroup;
			children = (
				FF0E44A521F0289400374DB6 /* Base */,
			);
			name = LaunchScreen.storyboard;
			sourceTree = "<group>";
		};
/* End PBXVariantGroup section */

/* Begin XCBuildConfiguration section */
		FF0E44BE21F0289400374DB6 /* Debug */ = {
			isa = XCBuildConfiguration;
			buildSettings = {
				ALWAYS_SEARCH_USER_PATHS = NO;
				CLANG_ANALYZER_NONNULL = YES;
				CLANG_ANALYZER_NUMBER_OBJECT_CONVERSION = YES_AGGRESSIVE;
				CLANG_CXX_LANGUAGE_STANDARD = "gnu++14";
				CLANG_CXX_LIBRARY = "libc++";
				CLANG_ENABLE_MODULES = YES;
				CLANG_ENABLE_OBJC_ARC = YES;
				CLANG_WARN_BLOCK_CAPTURE_AUTORELEASING = YES;
				CLANG_WARN_BOOL_CONVERSION = YES;
				CLANG_WARN_COMMA = YES;
				CLANG_WARN_CONSTANT_CONVERSION = YES;
				CLANG_WARN_DIRECT_OBJC_ISA_USAGE = YES_ERROR;
				CLANG_WARN_DOCUMENTATION_COMMENTS = YES;
				CLANG_WARN_EMPTY_BODY = YES;
				CLANG_WARN_ENUM_CONVERSION = YES;
				CLANG_WARN_INFINITE_RECURSION = YES;
				CLANG_WARN_INT_CONVERSION = YES;
				CLANG_WARN_NON_LITERAL_NULL_CONVERSION = YES;
				CLANG_WARN_OBJC_LITERAL_CONVERSION = YES;
				CLANG_WARN_OBJC_ROOT_CLASS = YES_ERROR;
				CLANG_WARN_RANGE_LOOP_ANALYSIS = YES;
				CLANG_WARN_STRICT_PROTOTYPES = YES;
				CLANG_WARN_SUSPICIOUS_MOVE = YES;
				CLANG_WARN_UNGUARDED_AVAILABILITY = YES_AGGRESSIVE;
				CLANG_WARN_UNREACHABLE_CODE = YES;
				CLANG_WARN__DUPLICATE_METHOD_MATCH = YES;
				CODE_SIGN_IDENTITY = "iPhone Developer";
				COPY_PHASE_STRIP = NO;
				DEBUG_INFORMATION_FORMAT = dwarf;
				ENABLE_STRICT_OBJC_MSGSEND = YES;
				ENABLE_TESTABILITY = YES;
				GCC_C_LANGUAGE_STANDARD = gnu11;
				GCC_DYNAMIC_NO_PIC = NO;
				GCC_NO_COMMON_BLOCKS = YES;
				GCC_OPTIMIZATION_LEVEL = 0;
				GCC_PREPROCESSOR_DEFINITIONS = (
					"DEBUG=1",
					"$(inherited)",
				);
				GCC_WARN_64_TO_32_BIT_CONVERSION = YES;
				GCC_WARN_ABOUT_RETURN_TYPE = YES_ERROR;
				GCC_WARN_UNDECLARED_SELECTOR = YES;
				GCC_WARN_UNINITIALIZED_AUTOS = YES_AGGRESSIVE;
				GCC_WARN_UNUSED_FUNCTION = YES;
				GCC_WARN_UNUSED_VARIABLE = YES;
				IPHONEOS_DEPLOYMENT_TARGET = 11.2;
				MTL_ENABLE_DEBUG_INFO = YES;
				ONLY_ACTIVE_ARCH = YES;
				SDKROOT = iphoneos;
				SWIFT_ACTIVE_COMPILATION_CONDITIONS = DEBUG;
				SWIFT_OPTIMIZATION_LEVEL = "-Onone";
			};
			name = Debug;
		};
		FF0E44BF21F0289400374DB6 /* Release */ = {
			isa = XCBuildConfiguration;
			buildSettings = {
				ALWAYS_SEARCH_USER_PATHS = NO;
				CLANG_ANALYZER_NONNULL = YES;
				CLANG_ANALYZER_NUMBER_OBJECT_CONVERSION = YES_AGGRESSIVE;
				CLANG_CXX_LANGUAGE_STANDARD = "gnu++14";
				CLANG_CXX_LIBRARY = "libc++";
				CLANG_ENABLE_MODULES = YES;
				CLANG_ENABLE_OBJC_ARC = YES;
				CLANG_WARN_BLOCK_CAPTURE_AUTORELEASING = YES;
				CLANG_WARN_BOOL_CONVERSION = YES;
				CLANG_WARN_COMMA = YES;
				CLANG_WARN_CONSTANT_CONVERSION = YES;
				CLANG_WARN_DIRECT_OBJC_ISA_USAGE = YES_ERROR;
				CLANG_WARN_DOCUMENTATION_COMMENTS = YES;
				CLANG_WARN_EMPTY_BODY = YES;
				CLANG_WARN_ENUM_CONVERSION = YES;
				CLANG_WARN_INFINITE_RECURSION = YES;
				CLANG_WARN_INT_CONVERSION = YES;
				CLANG_WARN_NON_LITERAL_NULL_CONVERSION = YES;
				CLANG_WARN_OBJC_LITERAL_CONVERSION = YES;
				CLANG_WARN_OBJC_ROOT_CLASS = YES_ERROR;
				CLANG_WARN_RANGE_LOOP_ANALYSIS = YES;
				CLANG_WARN_STRICT_PROTOTYPES = YES;
				CLANG_WARN_SUSPICIOUS_MOVE = YES;
				CLANG_WARN_UNGUARDED_AVAILABILITY = YES_AGGRESSIVE;
				CLANG_WARN_UNREACHABLE_CODE = YES;
				CLANG_WARN__DUPLICATE_METHOD_MATCH = YES;
				CODE_SIGN_IDENTITY = "iPhone Developer";
				COPY_PHASE_STRIP = NO;
				DEBUG_INFORMATION_FORMAT = "dwarf-with-dsym";
				ENABLE_NS_ASSERTIONS = NO;
				ENABLE_STRICT_OBJC_MSGSEND = YES;
				GCC_C_LANGUAGE_STANDARD = gnu11;
				GCC_NO_COMMON_BLOCKS = YES;
				GCC_WARN_64_TO_32_BIT_CONVERSION = YES;
				GCC_WARN_ABOUT_RETURN_TYPE = YES_ERROR;
				GCC_WARN_UNDECLARED_SELECTOR = YES;
				GCC_WARN_UNINITIALIZED_AUTOS = YES_AGGRESSIVE;
				GCC_WARN_UNUSED_FUNCTION = YES;
				GCC_WARN_UNUSED_VARIABLE = YES;
				IPHONEOS_DEPLOYMENT_TARGET = 11.2;
				MTL_ENABLE_DEBUG_INFO = NO;
				SDKROOT = iphoneos;
				SWIFT_OPTIMIZATION_LEVEL = "-Owholemodule";
				VALIDATE_PRODUCT = YES;
			};
			name = Release;
		};
		FF0E44C121F0289400374DB6 /* Debug */ = {
			isa = XCBuildConfiguration;
			buildSettings = {
				ASSETCATALOG_COMPILER_APPICON_NAME = AppIcon;
				CODE_SIGN_STYLE = Automatic;
				INFOPLIST_FILE = firstiOSApp/Info.plist;
				LD_RUNPATH_SEARCH_PATHS = "$(inherited) @executable_path/Frameworks";
				PRODUCT_BUNDLE_IDENTIFIER = brendan.firstiOSApp;
				PRODUCT_NAME = "$(TARGET_NAME)";
				SWIFT_VERSION = 4.0;
				TARGETED_DEVICE_FAMILY = "1,2";
			};
			name = Debug;
		};
		FF0E44C221F0289400374DB6 /* Release */ = {
			isa = XCBuildConfiguration;
			buildSettings = {
				ASSETCATALOG_COMPILER_APPICON_NAME = AppIcon;
				CODE_SIGN_STYLE = Automatic;
				INFOPLIST_FILE = firstiOSApp/Info.plist;
				LD_RUNPATH_SEARCH_PATHS = "$(inherited) @executable_path/Frameworks";
				PRODUCT_BUNDLE_IDENTIFIER = brendan.firstiOSApp;
				PRODUCT_NAME = "$(TARGET_NAME)";
				SWIFT_VERSION = 4.0;
				TARGETED_DEVICE_FAMILY = "1,2";
			};
			name = Release;
		};
		FF0E44C421F0289400374DB6 /* Debug */ = {
			isa = XCBuildConfiguration;
			buildSettings = {
				ALWAYS_EMBED_SWIFT_STANDARD_LIBRARIES = YES;
				BUNDLE_LOADER = "$(TEST_HOST)";
				CODE_SIGN_STYLE = Automatic;
				INFOPLIST_FILE = firstiOSAppTests/Info.plist;
				LD_RUNPATH_SEARCH_PATHS = "$(inherited) @executable_path/Frameworks @loader_path/Frameworks";
				PRODUCT_BUNDLE_IDENTIFIER = brendan.firstiOSAppTests;
				PRODUCT_NAME = "$(TARGET_NAME)";
				SWIFT_VERSION = 4.0;
				TARGETED_DEVICE_FAMILY = "1,2";
				TEST_HOST = "$(BUILT_PRODUCTS_DIR)/firstiOSApp.app/firstiOSApp";
			};
			name = Debug;
		};
		FF0E44C521F0289400374DB6 /* Release */ = {
			isa = XCBuildConfiguration;
			buildSettings = {
				ALWAYS_EMBED_SWIFT_STANDARD_LIBRARIES = YES;
				BUNDLE_LOADER = "$(TEST_HOST)";
				CODE_SIGN_STYLE = Automatic;
				INFOPLIST_FILE = firstiOSAppTests/Info.plist;
				LD_RUNPATH_SEARCH_PATHS = "$(inherited) @executable_path/Frameworks @loader_path/Frameworks";
				PRODUCT_BUNDLE_IDENTIFIER = brendan.firstiOSAppTests;
				PRODUCT_NAME = "$(TARGET_NAME)";
				SWIFT_VERSION = 4.0;
				TARGETED_DEVICE_FAMILY = "1,2";
				TEST_HOST = "$(BUILT_PRODUCTS_DIR)/firstiOSApp.app/firstiOSApp";
			};
			name = Release;
		};
		FF0E44C721F0289400374DB6 /* Debug */ = {
			isa = XCBuildConfiguration;
			buildSettings = {
				ALWAYS_EMBED_SWIFT_STANDARD_LIBRARIES = YES;
				CODE_SIGN_STYLE = Automatic;
				INFOPLIST_FILE = firstiOSAppUITests/Info.plist;
				LD_RUNPATH_SEARCH_PATHS = "$(inherited) @executable_path/Frameworks @loader_path/Frameworks";
				PRODUCT_BUNDLE_IDENTIFIER = brendan.firstiOSAppUITests;
				PRODUCT_NAME = "$(TARGET_NAME)";
				SWIFT_VERSION = 4.0;
				TARGETED_DEVICE_FAMILY = "1,2";
				TEST_TARGET_NAME = firstiOSApp;
			};
			name = Debug;
		};
		FF0E44C821F0289400374DB6 /* Release */ = {
			isa = XCBuildConfiguration;
			buildSettings = {
				ALWAYS_EMBED_SWIFT_STANDARD_LIBRARIES = YES;
				CODE_SIGN_STYLE = Automatic;
				INFOPLIST_FILE = firstiOSAppUITests/Info.plist;
				LD_RUNPATH_SEARCH_PATHS = "$(inherited) @executable_path/Frameworks @loader_path/Frameworks";
				PRODUCT_BUNDLE_IDENTIFIER = brendan.firstiOSAppUITests;
				PRODUCT_NAME = "$(TARGET_NAME)";
				SWIFT_VERSION = 4.0;
				TARGETED_DEVICE_FAMILY = "1,2";
				TEST_TARGET_NAME = firstiOSApp;
			};
			name = Release;
		};
/* End XCBuildConfiguration section */

/* Begin XCConfigurationList section */
		FF0E449321F0289400374DB6 /* Build configuration list for PBXProject "firstiOSApp" */ = {
			isa = XCConfigurationList;
			buildConfigurations = (
				FF0E44BE21F0289400374DB6 /* Debug */,
				FF0E44BF21F0289400374DB6 /* Release */,
			);
			defaultConfigurationIsVisible = 0;
			defaultConfigurationName = Release;
		};
		FF0E44C021F0289400374DB6 /* Build configuration list for PBXNativeTarget "firstiOSApp" */ = {
			isa = XCConfigurationList;
			buildConfigurations = (
				FF0E44C121F0289400374DB6 /* Debug */,
				FF0E44C221F0289400374DB6 /* Release */,
			);
			defaultConfigurationIsVisible = 0;
			defaultConfigurationName = Release;
		};
		FF0E44C321F0289400374DB6 /* Build configuration list for PBXNativeTarget "firstiOSAppTests" */ = {
			isa = XCConfigurationList;
			buildConfigurations = (
				FF0E44C421F0289400374DB6 /* Debug */,
				FF0E44C521F0289400374DB6 /* Release */,
			);
			defaultConfigurationIsVisible = 0;
			defaultConfigurationName = Release;
		};
		FF0E44C621F0289400374DB6 /* Build configuration list for PBXNativeTarget "firstiOSAppUITests" */ = {
			isa = XCConfigurationList;
			buildConfigurations = (
				FF0E44C721F0289400374DB6 /* Debug */,
				FF0E44C821F0289400374DB6 /* Release */,
			);
			defaultConfigurationIsVisible = 0;
			defaultConfigurationName = Release;
		};
/* End XCConfigurationList section */
	};
	rootObject = FF0E449021F0289400374DB6 /* Project object */;
}
